
Microsoft Visual Studio Solution File, Format Version 12.00
# Visual Studio Version 16
VisualStudioVersion = 16.0.35325.158
MinimumVisualStudioVersion = 10.0.40219.1
Project("{8BC9CEB8-8B4A-11D0-8D11-00A0C91BC942}") = "IumFuzzer", "IumFuzzer\IumFuzzer.vcxproj", "{EA853649-96AE-49CA-909C-32C15BA4BC21}"
EndProject
Project("{8BC9CEB8-8B4A-11D0-8D11-00A0C91BC942}") = "IumFuzzerController", "IumFuzzerController\IumFuzzerController.vcxproj", "{1C71B6D6-3645-437A-8771-08DDEECD1588}"
EndProject
Global
	GlobalSection(SolutionConfigurationPlatforms) = preSolution
		Debug|x64 = Debug|x64
		Debug|x86 = Debug|x86
		Release|x64 = Release|x64
		Release|x86 = Release|x86
	EndGlobalSection
	GlobalSection(ProjectConfigurationPlatforms) = postSolution
		{EA853649-96AE-49CA-909C-32C15BA4BC21}.Debug|x64.ActiveCfg = Debug|x64
		{EA853649-96AE-49CA-909C-32C15BA4BC21}.Debug|x64.Build.0 = Debug|x64
		{EA853649-96AE-49CA-909C-32C15BA4BC21}.Debug|x86.ActiveCfg = Debug|Win32
		{EA853649-96AE-49CA-909C-32C15BA4BC21}.Debug|x86.Build.0 = Debug|Win32
		{EA853649-96AE-49CA-909C-32C15BA4BC21}.Release|x64.ActiveCfg = Release|x64
		{EA853649-96AE-49CA-909C-32C15BA4BC21}.Release|x64.Build.0 = Release|x64
		{EA853649-96AE-49CA-909C-32C15BA4BC21}.Release|x86.ActiveCfg = Release|Win32
		{EA853649-96AE-49CA-909C-32C15BA4BC21}.Release|x86.Build.0 = Release|Win32
		{1C71B6D6-3645-437A-8771-08DDEECD1588}.Debug|x64.ActiveCfg = Debug|x64
		{1C71B6D6-3645-437A-8771-08DDEECD1588}.Debug|x64.Build.0 = Debug|x64
		{1C71B6D6-3645-437A-8771-08DDEECD1588}.Debug|x86.ActiveCfg = Debug|Win32
		{1C71B6D6-3645-437A-8771-08DDEECD1588}.Debug|x86.Build.0 = Debug|Win32
		{1C71B6D6-3645-437A-8771-08DDEECD1588}.Release|x64.ActiveCfg = Release|x64
		{1C71B6D6-3645-437A-8771-08DDEECD1588}.Release|x64.Build.0 = Release|x64
		{1C71B6D6-3645-437A-8771-08DDEECD1588}.Release|x86.ActiveCfg = Release|Win32
		{1C71B6D6-3645-437A-8771-08DDEECD1588}.Release|x86.Build.0 = Release|Win32
	EndGlobalSection
	GlobalSection(SolutionProperties) = preSolution
		HideSolutionNode = FALSE
	EndGlobalSection
	GlobalSection(ExtensibilityGlobals) = postSolution
		SolutionGuid = {AF2BEDB0-A86C-49FE-80A5-7D062B131DD2}
	EndGlobalSection
EndGlobal
